<?xml version="1.0" encoding="utf-8"?>
<Project ToolsVersion="4.0" xmlns="http://schemas.microsoft.com/developer/msbuild/2003">
  <ItemGroup>
    <Filter Include="源文件">
      <UniqueIdentifier>{4FC737F1-C7A5-4376-A066-2A32D752A2FF}</UniqueIdentifier>
      <Extensions>cpp;c;cc;cxx;c++;def;odl;idl;hpj;bat;asm;asmx</Extensions>
    </Filter>
    <Filter Include="头文件">
      <UniqueIdentifier>{93995380-89BD-4b04-88EB-625FBE52EBFB}</UniqueIdentifier>
      <Extensions>h;hh;hpp;hxx;h++;hm;inl;inc;ipp;xsd</Extensions>
    </Filter>
    <Filter Include="资源文件">
      <UniqueIdentifier>{67DA6AB6-F800-4c08-8B7A-83BB121AAD01}</UniqueIdentifier>
      <Extensions>rc;ico;cur;bmp;dlg;rc2;rct;bin;rgs;gif;jpg;jpeg;jpe;resx;tiff;tif;png;wav;mfcribbon-ms</Extensions>
    </Filter>
  </ItemGroup>
  <ItemGroup>
    <ClCompile Include="打印100到200之间的素数.c">
      <Filter>源文件</Filter>
    </ClCompile>
    <ClCompile Include="交换数组.c">
      <Filter>源文件</Filter>
    </ClCompile>
    <ClCompile Include="计算.c">
      <Filter>源文件</Filter>
    </ClCompile>
    <ClCompile Include="9 9乘法表.c">
      <Filter>源文件</Filter>
    </ClCompile>
    <ClCompile Include="将三个数从大到小输出.c">
      <Filter>源文件</Filter>
    </ClCompile>
    <ClCompile Include="交换两个整数的值.c">
      <Filter>源文件</Filter>
    </ClCompile>
    <ClCompile Include="交换整数的值，无临时变量.c">
      <Filter>源文件</Filter>
    </ClCompile>
    <ClCompile Include="判断1000到2000年之间的闰年.c">
      <Filter>源文件</Filter>
    </ClCompile>
    <ClCompile Include="求10个整数中最大值.c">
      <Filter>源文件</Filter>
    </ClCompile>
    <ClCompile Include="最大公约数.c">
      <Filter>源文件</Filter>
    </ClCompile>
    <ClCompile Include="阶乘.c">
      <Filter>源文件</Filter>
    </ClCompile>
    <ClCompile Include="打印菱形.c">
      <Filter>源文件</Filter>
    </ClCompile>
    <ClCompile Include="水仙花数.c">
      <Filter>源文件</Filter>
    </ClCompile>
    <ClCompile Include="乘法口诀.c">
      <Filter>源文件</Filter>
    </ClCompile>
    <ClCompile Include="自创函数操作数组.c">
      <Filter>源文件</Filter>
    </ClCompile>
    <ClCompile Include="58_3_30.c">
      <Filter>源文件</Filter>
    </ClCompile>
    <ClCompile Include="58_3_31.c">
      <Filter>源文件</Filter>
    </ClCompile>
    <ClCompile Include="58_4_3.c">
      <Filter>源文件</Filter>
    </ClCompile>
    <ClCompile Include="58_4_8.c">
      <Filter>源文件</Filter>
    </ClCompile>
    <ClCompile Include="58_3_29.c">
      <Filter>源文件</Filter>
    </ClCompile>
    <ClCompile Include="58_3_27.c">
      <Filter>源文件</Filter>
    </ClCompile>
    <ClCompile Include="58_4_10.c">
      <Filter>源文件</Filter>
    </ClCompile>
    <ClCompile Include="58_4_12.c">
      <Filter>源文件</Filter>
    </ClCompile>
    <ClCompile Include="58_4_15.c">
      <Filter>源文件</Filter>
    </ClCompile>
    <ClCompile Include="58_4_19.c">
      <Filter>源文件</Filter>
    </ClCompile>
    <ClCompile Include="58_4_25.c">
      <Filter>源文件</Filter>
    </ClCompile>
    <ClCompile Include="58_4_26.c">
      <Filter>源文件</Filter>
    </ClCompile>
    <ClCompile Include="58_4_29.c">
      <Filter>源文件</Filter>
    </ClCompile>
    <ClCompile Include="58_5_8.c">
      <Filter>源文件</Filter>
    </ClCompile>
    <ClCompile Include="58_5_10.c">
      <Filter>源文件</Filter>
    </ClCompile>
    <ClCompile Include="58_5_13.c">
      <Filter>源文件</Filter>
    </ClCompile>
    <ClCompile Include="喝饮料.c">
      <Filter>源文件</Filter>
    </ClCompile>
    <ClCompile Include="5.15.c">
      <Filter>源文件</Filter>
    </ClCompile>
    <ClCompile Include="5.22.c">
      <Filter>源文件</Filter>
    </ClCompile>
    <ClCompile Include="5.24.c">
      <Filter>源文件</Filter>
    </ClCompile>
    <ClCompile Include="5.27.c">
      <Filter>源文件</Filter>
    </ClCompile>
    <ClCompile Include="6.6.c">
      <Filter>源文件</Filter>
    </ClCompile>
    <ClCompile Include="58_6_10.c">
      <Filter>源文件</Filter>
    </ClCompile>
    <ClCompile Include="58_6_12.c">
      <Filter>源文件</Filter>
    </ClCompile>
    <ClCompile Include="58_6_14.c">
      <Filter>源文件</Filter>
    </ClCompile>
    <ClCompile Include="58_6_18.cpp">
      <Filter>源文件</Filter>
    </ClCompile>
    <ClCompile Include="58_6_20.c">
      <Filter>源文件</Filter>
    </ClCompile>
    <ClCompile Include="通讯录管理系统设计.c">
      <Filter>源文件</Filter>
    </ClCompile>
    <ClCompile Include="58_6_27.c">
      <Filter>源文件</Filter>
    </ClCompile>
  </ItemGroup>
</Project>